version = 1
revision = 3
requires-python = ">=3.11"

[[package]]
name = "clickhouse-driver"
version = "0.2.10"
source = { registry = "https://pypi.org/simple" }
dependencies = [
    { name = "pytz" },
    { name = "tzlocal" },
]
sdist = { url = "https://files.pythonhosted.org/packages/46/9e/d8e40b29b6269a84552441a553fc64dff28f2d7e2d92e81c6be84fe12b4c/clickhouse_driver-0.2.10.tar.gz", hash = "sha256:925fc6ecda1e5314e3f03bcb493955c068b070cdba221fb8ce27329ee8a7f71b", size = 409448, upload-time = "2025-11-10T22:49:58.764Z" }
wheels = [
    { url = "https://files.pythonhosted.org/packages/13/9d/bb9ee6df5a8fb60b56f9ca76cb9b22beb6d47d45ce561dca4ef9a63c1d4a/clickhouse_driver-0.2.10-cp311-cp311-macosx_10_9_x86_64.whl", hash = "sha256:946daf834f021d69acbebee7abde87bd4ad5aa46fa7b7643805abc7ff487a91f", size = 212466, upload-time = "2025-11-10T22:47:33.591Z" },
    { url = "https://files.pythonhosted.org/packages/ec/e0/1ae285f4d5bb61bb62016deb38dc175a2b8cbe578dffdad5e1a5a02a176c/clickhouse_driver-0.2.10-cp311-cp311-macosx_11_0_arm64.whl", hash = "sha256:3572e74cd65828f72284bf607de259c059178b44b19a93cb67766b7e7458cf8e", size = 208477, upload-time = "2025-11-10T22:47:34.925Z" },
    { url = "https://files.pythonhosted.org/packages/28/04/e2fb47a4aaf9653c9ed872e1505e997d42f834b0891351ef54169e100c5c/clickhouse_driver-0.2.10-cp311-cp311-manylinux2014_aarch64.manylinux_2_17_aarch64.manylinux_2_28_aarch64.whl", hash = "sha256:767af2b2d2e02fb7abd8fc9619f8aa2de65be010d3024029d68bc9b1be564466", size = 1006131, upload-time = "2025-11-10T22:47:36.386Z" },
    { url = "https://files.pythonhosted.org/packages/e3/52/626cf3a908dde51638213a6c414e86bc66c47e384cb379c4a0533930a329/clickhouse_driver-0.2.10-cp311-cp311-manylinux2014_ppc64le.manylinux_2_17_ppc64le.manylinux_2_28_ppc64le.whl", hash = "sha256:b00005a89f0e40ec0bc313f7e131d958aa17e6af5c3260dbb5c7daf5370c5443", size = 1059838, upload-time = "2025-11-10T22:47:38.266Z" },
    { url = "https://files.pythonhosted.org/packages/12/57/a5917930760e4032e98017916bd6770308e146d44c58e450da6fa87f2d4b/clickhouse_driver-0.2.10-cp311-cp311-manylinux2014_s390x.manylinux_2_17_s390x.manylinux_2_28_s390x.whl", hash = "sha256:a62ad120dab6bcc68b6413b7ef0dbaef75ab5ca985d490a9e1ec13d93bf33dc3", size = 1069504, upload-time = "2025-11-10T22:47:40.681Z" },
    { url = "https://files.pythonhosted.org/packages/f5/08/4419ce43b27b6349fd14af0d8f5d8594d270b9bb24cbaca575bacfec630e/clickhouse_driver-0.2.10-cp311-cp311-manylinux2014_x86_64.manylinux_2_17_x86_64.manylinux_2_28_x86_64.whl", hash = "sha256:a9f65e71c99f0c8a64afa348977793967f897c4f731984ed54fed4eca8d375a0", size = 998284, upload-time = "2025-11-10T22:47:42.713Z" },
    { url = "https://files.pythonhosted.org/packages/36/10/edbe55be3554e2cea7c68ed1761aaa2bea0153474d81a467a0ac862b3478/clickhouse_driver-0.2.10-cp311-cp311-musllinux_1_2_aarch64.whl", hash = "sha256:c120b182ea7e9713b119ba2b518dd75503c18f26cb001a6e436326765fddd123", size = 971989, upload-time = "2025-11-10T22:47:44.642Z" },
    { url = "https://files.pythonhosted.org/packages/2f/18/d0b883af04067c70e99c22dbab1f085062ae764a063f22d4e144e833048d/clickhouse_driver-0.2.10-cp311-cp311-musllinux_1_2_ppc64le.whl", hash = "sha256:d3da6f6d05f14780f3183f8b7b23ed9826d1e0f2f73c2471037d5335b474782e", size = 1022107, upload-time = "2025-11-10T22:47:46.148Z" },
    { url = "https://files.pythonhosted.org/packages/fe/40/11446c52c5330123354f2f88151c620e1b38ca6d5131b2cc71786ec3c067/clickhouse_driver-0.2.10-cp311-cp311-musllinux_1_2_s390x.whl", hash = "sha256:9617c6ef154e58c6693be6e1169000957238f83d21fe20d57bb492412cc6128d", size = 1015750, upload-time = "2025-11-10T22:47:47.702Z" },
    { url = "https://files.pythonhosted.org/packages/36/9b/32abe3c76fe8494ad1642febbe4c59dfd46477e27c401d2ac8cc8a0a6117/clickhouse_driver-0.2.10-cp311-cp311-musllinux_1_2_x86_64.whl", hash = "sha256:b8c2dbee2083295c6d9789a10cb0c967c4e123e6315e3192e4ad935cd55967c3", size = 975901, upload-time = "2025-11-10T22:47:49.136Z" },
    { url = "https://files.pythonhosted.org/packages/5f/50/0cbbe783bf14381add11a241b4ba35349f5512d1765aabde63d7175c1f0b/clickhouse_driver-0.2.10-cp311-cp311-win32.whl", hash = "sha256:293f47bd36a5b69ede39638ea8f7c1eb3fa7e55f35778a3feb9a3615749100c4", size = 190097, upload-time = "2025-11-10T22:47:50.463Z" },
    { url = "https://files.pythonhosted.org/packages/1c/12/7bb65617527b2b9a2b4ca8cc0d1ea2d4bdbd6d05a4d9d141cef0083342db/clickhouse_driver-0.2.10-cp311-cp311-win_amd64.whl", hash = "sha256:c9aeebbb0c159173de37deef494b28a4423a767cd7c4b2d596556f7a072f90a6", size = 203591, upload-time = "2025-11-10T22:47:51.562Z" },
    { url = "https://files.pythonhosted.org/packages/a9/54/0a82bcfc66bbab7a36c37b4bd8b8d088d9001da93661e278b7f6c87a3791/clickhouse_driver-0.2.10-cp312-cp312-macosx_10_13_x86_64.whl", hash = "sha256:1851f5f8b84ead0be6373ef001e8f09d48d45ec0628377e199a223e70417cd40", size = 213107, upload-time = "2025-11-10T22:47:53.314Z" },
    { url = "https://files.pythonhosted.org/packages/32/7b/8e526f6ffb9983c0c6d082e358df4b20fe1a9e95f453e704bc7a25ef4aab/clickhouse_driver-0.2.10-cp312-cp312-macosx_11_0_arm64.whl", hash = "sha256:188775d38ff7cb36e7045441aabf3a6a8751127d8b37b6eb1b1518494eaac5bd", size = 207193, upload-time = "2025-11-10T22:47:55.146Z" },
    { url = "https://files.pythonhosted.org/packages/65/96/40f274896abf287c378575f025c602fa4e834278930dd63574ff548815c4/clickhouse_driver-0.2.10-cp312-cp312-manylinux2014_aarch64.manylinux_2_17_aarch64.manylinux_2_28_aarch64.whl", hash = "sha256:0ff5cba860df61845d6ae12f31d4a70ff4ae3be4e6a8a876e68af8aa4b0e45bc", size = 1046187, upload-time = "2025-11-10T22:47:58.246Z" },
    { url = "https://files.pythonhosted.org/packages/0c/80/7b6e110c3b803fa8b3f8cdba0e08553a62c5f64e5ad57e56de3ea95cd9e1/clickhouse_driver-0.2.10-cp312-cp312-manylinux2014_ppc64le.manylinux_2_17_ppc64le.manylinux_2_28_ppc64le.whl", hash = "sha256:fad865009d96de44d548f1691ed92adee971f72c001cf4466b3ba2ac7d9db47b", size = 1088806, upload-time = "2025-11-10T22:47:59.834Z" },
    { url = "https://files.pythonhosted.org/packages/c5/d6/7f77bd00fc01df9db2e573de21bbc1f66083549d004864b892877dee8a76/clickhouse_driver-0.2.10-cp312-cp312-manylinux2014_s390x.manylinux_2_17_s390x.manylinux_2_28_s390x.whl", hash = "sha256:cf0fe791e7c2adc0ab41d4770953c00f8a88bdd7e3ee83bb849a661a6c93d4ef", size = 1109839, upload-time = "2025-11-10T22:48:01.405Z" },
    { url = "https://files.pythonhosted.org/packages/55/f7/57a80ff9cc44a333021e2caf8d35fc23da6ec7b602bbc3bf8dfac0253a6e/clickhouse_driver-0.2.10-cp312-cp312-manylinux2014_x86_64.manylinux_2_17_x86_64.manylinux_2_28_x86_64.whl", hash = "sha256:c5744daafdd0ff7520c6ae95a78211a0ff5c2cfb3513a20f5602d2bc7eed580d", size = 1049773, upload-time = "2025-11-10T22:48:03.089Z" },
    { url = "https://files.pythonhosted.org/packages/f6/3e/fcf8e9cb9edc717ce6c467a9ec7c96b4495d5f8ec4859175952149fbdaa8/clickhouse_driver-0.2.10-cp312-cp312-musllinux_1_2_aarch64.whl", hash = "sha256:f02f6c9f71ae5c06e3b760d3d9f4f758b32acf6f71504b6d90bacca9abbfec18", size = 1006817, upload-time = "2025-11-10T22:48:05.038Z" },
    { url = "https://files.pythonhosted.org/packages/95/ab/1bc25a385012c03595b91311d8341205a5790375207d80425e2285055d42/clickhouse_driver-0.2.10-cp312-cp312-musllinux_1_2_ppc64le.whl", hash = "sha256:6df571410f149e16e0a0e5529f1c2a9e41bb62b9357a3c8b0bd0647d6bb0fd1e", size = 1051047, upload-time = "2025-11-10T22:48:07.115Z" },
    { url = "https://files.pythonhosted.org/packages/fd/e1/9dd7331d08495beacf4291a6fbe5514fd0f6f8d53014121a8d70d8bd6c1e/clickhouse_driver-0.2.10-cp312-cp312-musllinux_1_2_s390x.whl", hash = "sha256:1e891162226a44fa169bdc996efd49b22bcf59372c35118ec5785e936fe97178", size = 1052014, upload-time = "2025-11-10T22:48:08.608Z" },
    { url = "https://files.pythonhosted.org/packages/ee/e9/af10e0ddbbd90c4ead933effff1b8914bc687bd52a70d244404db4c91529/clickhouse_driver-0.2.10-cp312-cp312-musllinux_1_2_x86_64.whl", hash = "sha256:3a261947ba0cf0034d044c30563ad151d1cf8156a5ff419b017c423b4235e0ac", size = 1020937, upload-time = "2025-11-10T22:48:10.993Z" },
    { url = "https://files.pythonhosted.org/packages/f8/78/dbb93037939a7f9424451d10feeb0daa0d5a76163ef2e62407f4d18705ea/clickhouse_driver-0.2.10-cp312-cp312-win32.whl", hash = "sha256:d94f4db3c338ed41b28379931756852586920c5cbac1f07fcc8b7f109b3e69db", size = 190729, upload-time = "2025-11-10T22:48:12.742Z" },
    { url = "https://files.pythonhosted.org/packages/b6/86/74bddbfaa3c116da34d8c762f728c59d9842a65f202b0b746f5d9a597869/clickhouse_driver-0.2.10-cp312-cp312-win_amd64.whl", hash = "sha256:3ce051f55bdb33396f76a77702936bfa973dfd98f7cf00a72817a1e01c9b7406", size = 204141, upload-time = "2025-11-10T22:48:14.452Z" },
    { url = "https://files.pythonhosted.org/packages/76/7f/ee5d539611b782a04845545ba391208634124f67c4d57a32d4a46eadfb58/clickhouse_driver-0.2.10-cp313-cp313-macosx_10_13_x86_64.whl", hash = "sha256:e76c1189a6273c79d906ee8274b9d3c7bf8df597ee6199cb75449ee2702deb8a", size = 210645, upload-time = "2025-11-10T22:48:15.995Z" },
    { url = "https://files.pythonhosted.org/packages/34/92/ee5a2d7a812b65d9690e46222218f33064c4bd44f3535b1ba564fb4b528b/clickhouse_driver-0.2.10-cp313-cp313-macosx_11_0_arm64.whl", hash = "sha256:8be64c77d58d4a33b3c957cdb7c5a4deeac56bf93f4188dbfb5c5454eb04c985", size = 205158, upload-time = "2025-11-10T22:48:17.745Z" },
    { url = "https://files.pythonhosted.org/packages/03/00/6c532a0aea89e3d09dd4150b1df0b92e787a306b8711d54d003d18fd1ddd/clickhouse_driver-0.2.10-cp313-cp313-manylinux2014_aarch64.manylinux_2_17_aarch64.manylinux_2_28_aarch64.whl", hash = "sha256:23abafd0c883ccc1baea527c1d05a6bc0c59aae6c29ae65e1b84d498b265f8c0", size = 1033476, upload-time = "2025-11-10T22:48:19.239Z" },
    { url = "https://files.pythonhosted.org/packages/ea/9b/137ea1ff9539da77cd022331ec4fa079cbefbd4ebbcb5c51bdd7dcd0bca0/clickhouse_driver-0.2.10-cp313-cp313-manylinux2014_ppc64le.manylinux_2_17_ppc64le.manylinux_2_28_ppc64le.whl", hash = "sha256:77ffe2063469c637c5e57bf0713ca1b617b612d55a8392799f97e34c353e6908", size = 1079495, upload-time = "2025-11-10T22:48:20.744Z" },
    { url = "https://files.pythonhosted.org/packages/ec/1c/e13766af7e4e174c6f17b1fbc5a078b28584f53adc91f103caacc73f569b/clickhouse_driver-0.2.10-cp313-cp313-manylinux2014_s390x.manylinux_2_17_s390x.manylinux_2_28_s390x.whl", hash = "sha256:df2d77779fcc1ddb68614b75bf45b8db61cf63f42a03d5624ce6922a305e609f", size = 1100658, upload-time = "2025-11-10T22:48:22.277Z" },
    { url = "https://files.pythonhosted.org/packages/41/e5/0686ad3ef1b594c16e8b13394c73ee4860fd025d70211a360f797dd7a28a/clickhouse_driver-0.2.10-cp313-cp313-manylinux2014_x86_64.manylinux_2_17_x86_64.manylinux_2_28_x86_64.whl", hash = "sha256:85e46e31e4b14626571819e669341a3017376ce935d25b2cc0bfea9343b1b562", size = 1034175, upload-time = "2025-11-10T22:48:24.117Z" },
    { url = "https://files.pythonhosted.org/packages/d8/32/fea4e971297b50e5af3318fd90d400269ae1c74ad4d83a9453b89f578d3c/clickhouse_driver-0.2.10-cp313-cp313-musllinux_1_2_aarch64.whl", hash = "sha256:d7435d1ff2bc577aeedf8f01d94b5777af382484f8973a9c5018d5afd0dd175c", size = 995963, upload-time = "2025-11-10T22:48:25.824Z" },
    { url = "https://files.pythonhosted.org/packages/02/c4/d42f2b69ab5903e5bc9119b179f55c9aef79fe667f77cab4d8ae90492dcd/clickhouse_driver-0.2.10-cp313-cp313-musllinux_1_2_ppc64le.whl", hash = "sha256:b60c7e3321214eec4568811bcd953836671fa078c57f6607f236414447636de2", size = 1044626, upload-time = "2025-11-10T22:48:27.927Z" },
    { url = "https://files.pythonhosted.org/packages/78/36/043b6b2d967396172a60f10bf26de2c83248857f9a1e75b481f02218d1d7/clickhouse_driver-0.2.10-cp313-cp313-musllinux_1_2_s390x.whl", hash = "sha256:13fdf6571e20ac79992605ad65058296ac0f2437c1e7428a98dd6d173753119e", size = 1045772, upload-time = "2025-11-10T22:48:29.439Z" },
    { url = "https://files.pythonhosted.org/packages/0c/cf/bc5c807cbe68ce9eeac6a1997b937c81774ca86b2ab593c6efb9121a9f08/clickhouse_driver-0.2.10-cp313-cp313-musllinux_1_2_x86_64.whl", hash = "sha256:06b6b683af086f9049d0c5e7e660fb76013439efa640e6c8ff6673622c3838fa", size = 1006716, upload-time = "2025-11-10T22:48:31.086Z" },
    { url = "https://files.pythonhosted.org/packages/d9/21/9b0e4814aa6c78d717c22cf51e3a5bd73b4f09c4078fc3f274f8a17c3658/clickhouse_driver-0.2.10-cp313-cp313-win32.whl", hash = "sha256:8fc51b0991dc9b89ea2379a0bc0995a9ed24428aad834f6af7841cc94488b82f", size = 189789, upload-time = "2025-11-10T22:48:33.039Z" },
    { url = "https://files.pythonhosted.org/packages/85/7d/46195e09d4b43f59bc9053f81f6d0c0f25e44c8ef94218fe3c972067cdf4/clickhouse_driver-0.2.10-cp313-cp313-win_amd64.whl", hash = "sha256:fbfe244d2f06824e175492a54033d8282f0ec5644db8e7e3805f7a9d076f5fcf", size = 203020, upload-time = "2025-11-10T22:48:34.874Z" },
    { url = "https://files.pythonhosted.org/packages/e7/9f/513e661a80b0db9b6be5ce525d6cc86339c04dfc8d75f577b775e5ac5cf1/clickhouse_driver-0.2.10-cp314-cp314-macosx_10_15_x86_64.whl", hash = "sha256:19dd1de015d98dd1559d14ef05de2b6a0560c98b77ef160b3b99632a87fc8212", size = 211779, upload-time = "2025-11-10T22:48:36.873Z" },
    { url = "https://files.pythonhosted.org/packages/1c/6e/842610028ca39c826865402d46b7d7f499a9a249de219edfce889c0e025d/clickhouse_driver-0.2.10-cp314-cp314-macosx_11_0_arm64.whl", hash = "sha256:b6f35a9ee7f7a8ce3483764c3bc2d23c8be1c5ce3aef537b1a3cebe59fdb0c4d", size = 205709, upload-time = "2025-11-10T22:48:38.404Z" },
    { url = "https://files.pythonhosted.org/packages/c6/94/ddbcda962f7ca36cbcf7ded105f68f99b261dc29b9c28ca2eaec70382f66/clickhouse_driver-0.2.10-cp314-cp314-manylinux2014_aarch64.manylinux_2_17_aarch64.manylinux_2_28_aarch64.whl", hash = "sha256:888ab59b2cccda24680cfbaeb723fd8922c6148b9a43ad4cf067fef55959f19f", size = 1032732, upload-time = "2025-11-10T22:48:40.047Z" },
    { url = "https://files.pythonhosted.org/packages/f6/1d/9d378af127ca1d35b734c965a9ec26318253f07d2a7eaa4a5643210fe327/clickhouse_driver-0.2.10-cp314-cp314-manylinux2014_ppc64le.manylinux_2_17_ppc64le.manylinux_2_28_ppc64le.whl", hash = "sha256:fbf5d692ee4df241e82d200a195dc2ddbe7fbf490ebd185fbd9da32478245399", size = 1085199, upload-time = "2025-11-10T22:48:41.784Z" },
    { url = "https://files.pythonhosted.org/packages/3c/38/d65aedbe40e08a085fe3c2fcdcfcc0cec084d2e838e653c1ed4408771d9a/clickhouse_driver-0.2.10-cp314-cp314-manylinux2014_s390x.manylinux_2_17_s390x.manylinux_2_28_s390x.whl", hash = "sha256:2f1d42ffcdc5b77346403e7ac49639a48c2fb58767a3e55657bd40e36290e9f0", size = 1089153, upload-time = "2025-11-10T22:48:43.283Z" },
    { url = "https://files.pythonhosted.org/packages/ef/e3/e60fbcd5ec1458da9fe313984527e9ce5f95636c178bd2d08d6257c42c30/clickhouse_driver-0.2.10-cp314-cp314-manylinux2014_x86_64.manylinux_2_17_x86_64.manylinux_2_28_x86_64.whl", hash = "sha256:74b36dfb79311bcf1ba6edde926908a46778a5e9db6302f126a799550f1fb807", size = 1023508, upload-time = "2025-11-10T22:48:44.83Z" },
    { url = "https://files.pythonhosted.org/packages/9b/80/345be27d8011bcbd2fd3437d15b0e387369e2a8a8b73a7704af25bb6e90b/clickhouse_driver-0.2.10-cp314-cp314-musllinux_1_2_aarch64.whl", hash = "sha256:8c49d4b6619ce9237817185a41db6645f1557f7a77f2a822029ded1041179d55", size = 995994, upload-time = "2025-11-10T22:48:46.35Z" },
    { url = "https://files.pythonhosted.org/packages/0c/76/de011c4460a2b80e517c9a5f1b80a9fe3937e2987989e9776a79dc0a1e99/clickhouse_driver-0.2.10-cp314-cp314-musllinux_1_2_ppc64le.whl", hash = "sha256:503bbcbfedd65840489dadf3d0a2ac391888828b8f82579e6ec08efb1f362659", size = 1043865, upload-time = "2025-11-10T22:48:47.924Z" },
    { url = "https://files.pythonhosted.org/packages/5d/f4/264b6bb95488eebd79565372c8fbe397df2aac1478224629ebdc229eab00/clickhouse_driver-0.2.10-cp314-cp314-musllinux_1_2_s390x.whl", hash = "sha256:64aa403194bf4d3bdbecc2f8412ca85f4b9a35ed8dc228f23061a9889ce18dc4", size = 1038468, upload-time = "2025-11-10T22:48:50.706Z" },
    { url = "https://files.pythonhosted.org/packages/ec/95/01b3cc32ba060132ce9183f7af9059995fed2ded8d41865e86193f17ce30/clickhouse_driver-0.2.10-cp314-cp314-musllinux_1_2_x86_64.whl", hash = "sha256:20b16b066760cfcc6a8a5342e91585a84ba22152f83421030edd3582b6e420e3", size = 998721, upload-time = "2025-11-10T22:48:52.924Z" },
    { url = "https://files.pythonhosted.org/packages/85/d4/21e3203f8d22ad32224b0623ad2772103bb3a05ce367d6b27e78e118ea2f/clickhouse_driver-0.2.10-cp314-cp314-win32.whl", hash = "sha256:5ac6eed651dd6320a50338ff331fea93d20ed13dec27c7c7bfab71f8db3c76bb", size = 192639, upload-time = "2025-11-10T22:48:54.729Z" },
    { url = "https://files.pythonhosted.org/packages/ac/6b/1e87eb25614c0477fdadd5cf0b49675bc91cfcae95a10cbb83e3a688b01b/clickhouse_driver-0.2.10-cp314-cp314-win_amd64.whl", hash = "sha256:9f17746188833162e06e6af595e6a41c2ed09c7714b96860217c696fdb7689cf", size = 206586, upload-time = "2025-11-10T22:48:56.002Z" },
    { url = "https://files.pythonhosted.org/packages/d7/64/6d8ea99c03e99aaf8dfe87961fd2e5baedc72d0a289cab1c5138acbe2d1b/clickhouse_driver-0.2.10-pp311-pypy311_pp73-macosx_10_15_x86_64.whl", hash = "sha256:cb0bbad7b79ecb41f5f348528b6b0c46850d741669dd453f5fa633a8f3eff855", size = 190729, upload-time = "2025-11-10T22:49:45.635Z" },
    { url = "https://files.pythonhosted.org/packages/40/7d/9abdd95b0da0dcf6dc644336459f132575bfbdee1a4ba377195c2032c03a/clickhouse_driver-0.2.10-pp311-pypy311_pp73-manylinux2014_aarch64.manylinux_2_17_aarch64.manylinux_2_28_aarch64.whl", hash = "sha256:68e96e04282d126486b3820391a8ebf1d7c32b61e5fcbd701aeeda79017349e5", size = 216933, upload-time = "2025-11-10T22:49:47.474Z" },
    { url = "https://files.pythonhosted.org/packages/5a/a4/33d4b6f1650847280265756e4d54f94730cdac082ab3f9e6518ba97502bf/clickhouse_driver-0.2.10-pp311-pypy311_pp73-manylinux2014_x86_64.manylinux_2_17_x86_64.manylinux_2_28_x86_64.whl", hash = "sha256:0fd9f72fcfe86e0fef0681cd124325714e92e96ad1fd675dfbeaccdfb7bd2f64", size = 219670, upload-time = "2025-11-10T22:49:49.401Z" },
    { url = "https://files.pythonhosted.org/packages/d6/c0/320b7cb5e2b6ab73e10ca6f1c5d0a2f04b42dc3acb689533d102d9f3f5e4/clickhouse_driver-0.2.10-pp311-pypy311_pp73-win_amd64.whl", hash = "sha256:e24582110f3d532b35e106583981bea0b7a3b10167c8a890a7b6ea5c7c6ce6d6", size = 192945, upload-time = "2025-11-10T22:49:51.168Z" },
]

[[package]]
name = "colorama"
version = "0.4.6"
source = { registry = "https://pypi.org/simple" }
sdist = { url = "https://files.pythonhosted.org/packages/d8/53/6f443c9a4a8358a93a6792e2acffb9d9d5cb0a5cfd8802644b7b1c9a02e4/colorama-0.4.6.tar.gz", hash = "sha256:08695f5cb7ed6e0531a20572697297273c47b8cae5a63ffc6d6ed5c201be6e44", size = 27697, upload-time = "2022-10-25T02:36:22.414Z" }
wheels = [
    { url = "https://files.pythonhosted.org/packages/d1/d6/3965ed04c63042e047cb6a3e6ed1a63a35087b6a609aa3a15ed8ac56c221/colorama-0.4.6-py2.py3-none-any.whl", hash = "sha256:4f1d9991f5acc0ca119f9d443620b77f9d6b33703e51011c16baf57afb285fc6", size = 25335, upload-time = "2022-10-25T02:36:20.889Z" },
]

[[package]]
name = "pytz"
version = "2025.2"
source = { registry = "https://pypi.org/simple" }
sdist = { url = "https://files.pythonhosted.org/packages/f8/bf/abbd3cdfb8fbc7fb3d4d38d320f2441b1e7cbe29be4f23797b4a2b5d8aac/pytz-2025.2.tar.gz", hash = "sha256:360b9e3dbb49a209c21ad61809c7fb453643e048b38924c765813546746e81c3", size = 320884, upload-time = "2025-03-25T02:25:00.538Z" }
wheels = [
    { url = "https://files.pythonhosted.org/packages/81/c4/34e93fe5f5429d7570ec1fa436f1986fb1f00c3e0f43a589fe2bbcd22c3f/pytz-2025.2-py2.py3-none-any.whl", hash = "sha256:5ddf76296dd8c44c26eb8f4b6f35488f3ccbf6fbbd7adee0b7262d43f0ec2f00", size = 509225, upload-time = "2025-03-25T02:24:58.468Z" },
]

[[package]]
name = "super-fast-dumpster-diver"
version = "0.1.0"
source = { virtual = "." }
dependencies = [
    { name = "clickhouse-driver" },
    { name = "tqdm" },
]

[package.metadata]
requires-dist = [
    { name = "clickhouse-driver", specifier = ">=0.2.10" },
    { name = "tqdm", specifier = ">=4.67.1" },
]

[[package]]
name = "tqdm"
version = "4.67.1"
source = { registry = "https://pypi.org/simple" }
dependencies = [
    { name = "colorama", marker = "sys_platform == 'win32'" },
]
sdist = { url = "https://files.pythonhosted.org/packages/a8/4b/29b4ef32e036bb34e4ab51796dd745cdba7ed47ad142a9f4a1eb8e0c744d/tqdm-4.67.1.tar.gz", hash = "sha256:f8aef9c52c08c13a65f30ea34f4e5aac3fd1a34959879d7e59e63027286627f2", size = 169737, upload-time = "2024-11-24T20:12:22.481Z" }
wheels = [
    { url = "https://files.pythonhosted.org/packages/d0/30/dc54f88dd4a2b5dc8a0279bdd7270e735851848b762aeb1c1184ed1f6b14/tqdm-4.67.1-py3-none-any.whl", hash = "sha256:26445eca388f82e72884e0d580d5464cd801a3ea01e63e5601bdff9ba6a48de2", size = 78540, upload-time = "2024-11-24T20:12:19.698Z" },
]

[[package]]
name = "tzdata"
version = "2025.3"
source = { registry = "https://pypi.org/simple" }
sdist = { url = "https://files.pythonhosted.org/packages/5e/a7/c202b344c5ca7daf398f3b8a477eeb205cf3b6f32e7ec3a6bac0629ca975/tzdata-2025.3.tar.gz", hash = "sha256:de39c2ca5dc7b0344f2eba86f49d614019d29f060fc4ebc8a417896a620b56a7", size = 196772, upload-time = "2025-12-13T17:45:35.667Z" }
wheels = [
    { url = "https://files.pythonhosted.org/packages/c7/b0/003792df09decd6849a5e39c28b513c06e84436a54440380862b5aeff25d/tzdata-2025.3-py2.py3-none-any.whl", hash = "sha256:06a47e5700f3081aab02b2e513160914ff0694bce9947d6b76ebd6bf57cfc5d1", size = 348521, upload-time = "2025-12-13T17:45:33.889Z" },
]

[[package]]
name = "tzlocal"
version = "5.3.1"
source = { registry = "https://pypi.org/simple" }
dependencies = [
    { name = "tzdata", marker = "sys_platform == 'win32'" },
]
sdist = { url = "https://files.pythonhosted.org/packages/8b/2e/c14812d3d4d9cd1773c6be938f89e5735a1f11a9f184ac3639b93cef35d5/tzlocal-5.3.1.tar.gz", hash = "sha256:cceffc7edecefea1f595541dbd6e990cb1ea3d19bf01b2809f362a03dd7921fd", size = 30761, upload-time = "2025-03-05T21:17:41.549Z" }
wheels = [
    { url = "https://files.pythonhosted.org/packages/c2/14/e2a54fabd4f08cd7af1c07030603c3356b74da07f7cc056e600436edfa17/tzlocal-5.3.1-py3-none-any.whl", hash = "sha256:eb1a66c3ef5847adf7a834f1be0800581b683b5608e74f86ecbcef8ab91bb85d", size = 18026, upload-time = "2025-03-05T21:17:39.857Z" },
]
